
Microsoft Visual Studio Solution File, Format Version 12.00
# Visual Studio 15
VisualStudioVersion = 15.0.28307.902
MinimumVisualStudioVersion = 10.0.40219.1
Project("{FAE04EC0-301F-11D3-BF4B-00C04F79EFBC}") = "workspace", "workspace\workspace.csproj", "{393BB961-EFF4-4C3C-8B29-BF4B30520ED1}"
EndProject
Global
	GlobalSection(SolutionConfigurationPlatforms) = preSolution
		Debug|Any CPU = Debug|Any CPU
		Release|Any CPU = Release|Any CPU
	EndGlobalSection
	GlobalSection(ProjectConfigurationPlatforms) = postSolution
		{393BB961-EFF4-4C3C-8B29-BF4B30520ED1}.Debug|Any CPU.ActiveCfg = Debug|Any CPU
		{393BB961-EFF4-4C3C-8B29-BF4B30520ED1}.Debug|Any CPU.Build.0 = Debug|Any CPU
		{393BB961-EFF4-4C3C-8B29-BF4B30520ED1}.Release|Any CPU.ActiveCfg = Release|Any CPU
		{393BB961-EFF4-4C3C-8B29-BF4B30520ED1}.Release|Any CPU.Build.0 = Release|Any CPU
	EndGlobalSection
	GlobalSection(SolutionProperties) = preSolution
		HideSolutionNode = FALSE
	EndGlobalSection
	GlobalSection(ExtensibilityGlobals) = postSolution
		SolutionGuid = {3E6A5D7A-65F2-460E-B3C1-A377E8D7368A}
	EndGlobalSection
EndGlobal
